
Microsoft Visual Studio Solution File, Format Version 12.00
# Visual Studio Version 16
VisualStudioVersion = 16.0.30413.136
MinimumVisualStudioVersion = 10.0.40219.1
Project("{9A19103F-16F7-4668-BE54-9A1E7A4F7556}") = "Hana", "Hana.csproj", "{DE64BB2B-21D5-4154-BCB3-19420F6614DF}"
EndProject
Project("{2150E333-8FDC-42A3-9474-1A3956D46DE8}") = "Solution Items", "Solution Items", "{CB43C83C-D640-4434-8719-8EAB5D2D5DD3}"
	ProjectSection(SolutionItems) = preProject
		.editorconfig = .editorconfig
	EndProjectSection
EndProject
Global
	GlobalSection(SolutionConfigurationPlatforms) = preSolution
		Debug|Any CPU = Debug|Any CPU
		Release|Any CPU = Release|Any CPU
	EndGlobalSection
	GlobalSection(ProjectConfigurationPlatforms) = postSolution
		{DE64BB2B-21D5-4154-BCB3-19420F6614DF}.Debug|Any CPU.ActiveCfg = Debug|Any CPU
		{DE64BB2B-21D5-4154-BCB3-19420F6614DF}.Debug|Any CPU.Build.0 = Debug|Any CPU
		{DE64BB2B-21D5-4154-BCB3-19420F6614DF}.Release|Any CPU.ActiveCfg = Release|Any CPU
		{DE64BB2B-21D5-4154-BCB3-19420F6614DF}.Release|Any CPU.Build.0 = Release|Any CPU
	EndGlobalSection
	GlobalSection(SolutionProperties) = preSolution
		HideSolutionNode = FALSE
	EndGlobalSection
	GlobalSection(ExtensibilityGlobals) = postSolution
		SolutionGuid = {195CCA85-00C6-4F10-B18F-2E74F3A7A3AB}
	EndGlobalSection
EndGlobal
